// !$*UTF8*$!
{
	archiveVersion = 1;
	classes = {
	};
	objectVersion = 56;
	objects = {

/* Begin PBXBuildFile section */
		AC9B38D32A52D86A007DCD48 /* RealmManager.swift in Sources */ = {isa = PBXBuildFile; fileRef = AC9B38D22A52D86A007DCD48 /* RealmManager.swift */; };
		ACF753E02A52BC6A00A3E8B2 /* README.md in Resources */ = {isa = PBXBuildFile; fileRef = ACF753DF2A52BC6A00A3E8B2 /* README.md */; };
		ACFCB6392A4B483E002E780A /* SyncConnectionStateErrorResetApp.swift in Sources */ = {isa = PBXBuildFile; fileRef = ACFCB6382A4B483E002E780A /* SyncConnectionStateErrorResetApp.swift */; };
		ACFCB63B2A4B483E002E780A /* AppViews.swift in Sources */ = {isa = PBXBuildFile; fileRef = ACFCB63A2A4B483E002E780A /* AppViews.swift */; };
		ACFCB63D2A4B483F002E780A /* Assets.xcassets in Resources */ = {isa = PBXBuildFile; fileRef = ACFCB63C2A4B483F002E780A /* Assets.xcassets */; };
		ACFCB6412A4B483F002E780A /* Preview Assets.xcassets in Resources */ = {isa = PBXBuildFile; fileRef = ACFCB6402A4B483F002E780A /* Preview Assets.xcassets */; };
		ACFCB6492A4B48E7002E780A /* Realm in Frameworks */ = {isa = PBXBuildFile; productRef = ACFCB6482A4B48E7002E780A /* Realm */; };
		ACFCB64B2A4B48E7002E780A /* RealmSwift in Frameworks */ = {isa = PBXBuildFile; productRef = ACFCB64A2A4B48E7002E780A /* RealmSwift */; };
		ACFCB64D2A4B493F002E780A /* Models.swift in Sources */ = {isa = PBXBuildFile; fileRef = ACFCB64C2A4B493F002E780A /* Models.swift */; };
		ACFCB6502A4DC611002E780A /* AppManager.swift in Sources */ = {isa = PBXBuildFile; fileRef = ACFCB64F2A4DC611002E780A /* AppManager.swift */; };
/* End PBXBuildFile section */

/* Begin PBXFileReference section */
		AC9B38D22A52D86A007DCD48 /* RealmManager.swift */ = {isa = PBXFileReference; lastKnownFileType = sourcecode.swift; path = RealmManager.swift; sourceTree = "<group>"; };
		ACF753DF2A52BC6A00A3E8B2 /* README.md */ = {isa = PBXFileReference; fileEncoding = 4; lastKnownFileType = net.daringfireball.markdown; path = README.md; sourceTree = "<group>"; };
		ACFCB6352A4B483E002E780A /* SyncConnectionStateErrorReset.app */ = {isa = PBXFileReference; explicitFileType = wrapper.application; includeInIndex = 0; path = SyncConnectionStateErrorReset.app; sourceTree = BUILT_PRODUCTS_DIR; };
		ACFCB6382A4B483E002E780A /* SyncConnectionStateErrorResetApp.swift */ = {isa = PBXFileReference; lastKnownFileType = sourcecode.swift; path = SyncConnectionStateErrorResetApp.swift; sourceTree = "<group>"; };
		ACFCB63A2A4B483E002E780A /* AppViews.swift */ = {isa = PBXFileReference; lastKnownFileType = sourcecode.swift; path = AppViews.swift; sourceTree = "<group>"; };
		ACFCB63C2A4B483F002E780A /* Assets.xcassets */ = {isa = PBXFileReference; lastKnownFileType = folder.assetcatalog; path = Assets.xcassets; sourceTree = "<group>"; };
		ACFCB63E2A4B483F002E780A /* SyncConnectionStateErrorReset.entitlements */ = {isa = PBXFileReference; lastKnownFileType = text.plist.entitlements; path = SyncConnectionStateErrorReset.entitlements; sourceTree = "<group>"; };
		ACFCB6402A4B483F002E780A /* Preview Assets.xcassets */ = {isa = PBXFileReference; lastKnownFileType = folder.assetcatalog; path = "Preview Assets.xcassets"; sourceTree = "<group>"; };
		ACFCB64C2A4B493F002E780A /* Models.swift */ = {isa = PBXFileReference; lastKnownFileType = sourcecode.swift; path = Models.swift; sourceTree = "<group>"; };
		ACFCB64F2A4DC611002E780A /* AppManager.swift */ = {isa = PBXFileReference; lastKnownFileType = sourcecode.swift; path = AppManager.swift; sourceTree = "<group>"; };
/* End PBXFileReference section */

/* Begin PBXFrameworksBuildPhase section */
		ACFCB6322A4B483E002E780A /* Frameworks */ = {
			isa = PBXFrameworksBuildPhase;
			buildActionMask = 2147483647;
			files = (
				ACFCB64B2A4B48E7002E780A /* RealmSwift in Frameworks */,
				ACFCB6492A4B48E7002E780A /* Realm in Frameworks */,
			);
			runOnlyForDeploymentPostprocessing = 0;
		};
/* End PBXFrameworksBuildPhase section */

/* Begin PBXGroup section */
		ACF753E12A52BDB000A3E8B2 /* Managers */ = {
			isa = PBXGroup;
			children = (
				ACFCB64F2A4DC611002E780A /* AppManager.swift */,
				AC9B38D22A52D86A007DCD48 /* RealmManager.swift */,
			);
			path = Managers;
			sourceTree = "<group>";
		};
		ACFCB62C2A4B483E002E780A = {
			isa = PBXGroup;
			children = (
				ACF753DF2A52BC6A00A3E8B2 /* README.md */,
				ACFCB6372A4B483E002E780A /* SyncConnectionStateErrorReset */,
				ACFCB6362A4B483E002E780A /* Products */,
			);
			sourceTree = "<group>";
		};
		ACFCB6362A4B483E002E780A /* Products */ = {
			isa = PBXGroup;
			children = (
				ACFCB6352A4B483E002E780A /* SyncConnectionStateErrorReset.app */,
			);
			name = Products;
			sourceTree = "<group>";
		};
		ACFCB6372A4B483E002E780A /* SyncConnectionStateErrorReset */ = {
			isa = PBXGroup;
			children = (
				ACF753E12A52BDB000A3E8B2 /* Managers */,
				ACFCB64E2A4C5603002E780A /* Models */,
				ACFCB6382A4B483E002E780A /* SyncConnectionStateErrorResetApp.swift */,
				ACFCB63A2A4B483E002E780A /* AppViews.swift */,
				ACFCB63C2A4B483F002E780A /* Assets.xcassets */,
				ACFCB63E2A4B483F002E780A /* SyncConnectionStateErrorReset.entitlements */,
				ACFCB63F2A4B483F002E780A /* Preview Content */,
			);
			path = SyncConnectionStateErrorReset;
			sourceTree = "<group>";
		};
		ACFCB63F2A4B483F002E780A /* Preview Content */ = {
			isa = PBXGroup;
			children = (
				ACFCB6402A4B483F002E780A /* Preview Assets.xcassets */,
			);
			path = "Preview Content";
			sourceTree = "<group>";
		};
		ACFCB64E2A4C5603002E780A /* Models */ = {
			isa = PBXGroup;
			children = (
				ACFCB64C2A4B493F002E780A /* Models.swift */,
			);
			path = Models;
			sourceTree = "<group>";
		};
/* End PBXGroup section */

/* Begin PBXNativeTarget section */
		ACFCB6342A4B483E002E780A /* SyncConnectionStateErrorReset */ = {
			isa = PBXNativeTarget;
			buildConfigurationList = ACFCB6442A4B483F002E780A /* Build configuration list for PBXNativeTarget "SyncConnectionStateErrorReset" */;
			buildPhases = (
				ACFCB6312A4B483E002E780A /* Sources */,
				ACFCB6322A4B483E002E780A /* Frameworks */,
				ACFCB6332A4B483E002E780A /* Resources */,
			);
			buildRules = (
			);
			dependencies = (
			);
			name = SyncConnectionStateErrorReset;
			packageProductDependencies = (
				ACFCB6482A4B48E7002E780A /* Realm */,
				ACFCB64A2A4B48E7002E780A /* RealmSwift */,
			);
			productName = SyncConnectionStateErrorReset;
			productReference = ACFCB6352A4B483E002E780A /* SyncConnectionStateErrorReset.app */;
			productType = "com.apple.product-type.application";
		};
/* End PBXNativeTarget section */

/* Begin PBXProject section */
		ACFCB62D2A4B483E002E780A /* Project object */ = {
			isa = PBXProject;
			attributes = {
				BuildIndependentTargetsInParallel = 1;
				LastSwiftUpdateCheck = 1500;
				LastUpgradeCheck = 1500;
				TargetAttributes = {
					ACFCB6342A4B483E002E780A = {
						CreatedOnToolsVersion = 15.0;
					};
				};
			};
			buildConfigurationList = ACFCB6302A4B483E002E780A /* Build configuration list for PBXProject "SyncConnectionStateErrorReset" */;
			compatibilityVersion = "Xcode 14.0";
			developmentRegion = en;
			hasScannedForEncodings = 0;
			knownRegions = (
				en,
				Base,
			);
			mainGroup = ACFCB62C2A4B483E002E780A;
			packageReferences = (
				ACFCB6472A4B48E7002E780A /* XCRemoteSwiftPackageReference "realm-swift" */,
			);
			productRefGroup = ACFCB6362A4B483E002E780A /* Products */;
			projectDirPath = "";
			projectRoot = "";
			targets = (
				ACFCB6342A4B483E002E780A /* SyncConnectionStateErrorReset */,
			);
		};
/* End PBXProject section */

/* Begin PBXResourcesBuildPhase section */
		ACFCB6332A4B483E002E780A /* Resources */ = {
			isa = PBXResourcesBuildPhase;
			buildActionMask = 2147483647;
			files = (
				ACF753E02A52BC6A00A3E8B2 /* README.md in Resources */,
				ACFCB6412A4B483F002E780A /* Preview Assets.xcassets in Resources */,
				ACFCB63D2A4B483F002E780A /* Assets.xcassets in Resources */,
			);
			runOnlyForDeploymentPostprocessing = 0;
		};
/* End PBXResourcesBuildPhase section */

/* Begin PBXSourcesBuildPhase section */
		ACFCB6312A4B483E002E780A /* Sources */ = {
			isa = PBXSourcesBuildPhase;
			buildActionMask = 2147483647;
			files = (
				ACFCB64D2A4B493F002E780A /* Models.swift in Sources */,
				ACFCB6502A4DC611002E780A /* AppManager.swift in Sources */,
				AC9B38D32A52D86A007DCD48 /* RealmManager.swift in Sources */,
				ACFCB63B2A4B483E002E780A /* AppViews.swift in Sources */,
				ACFCB6392A4B483E002E780A /* SyncConnectionStateErrorResetApp.swift in Sources */,
			);
			runOnlyForDeploymentPostprocessing = 0;
		};
/* End PBXSourcesBuildPhase section */

/* Begin XCBuildConfiguration section */
		ACFCB6422A4B483F002E780A /* Debug */ = {
			isa = XCBuildConfiguration;
			buildSettings = {
				ALWAYS_SEARCH_USER_PATHS = NO;
				ASSETCATALOG_COMPILER_GENERATE_SWIFT_ASSET_SYMBOL_EXTENSIONS = YES;
				CLANG_ANALYZER_NONNULL = YES;
				CLANG_ANALYZER_NUMBER_OBJECT_CONVERSION = YES_AGGRESSIVE;
				CLANG_CXX_LANGUAGE_STANDARD = "gnu++20";
				CLANG_ENABLE_MODULES = YES;
				CLANG_ENABLE_OBJC_ARC = YES;
				CLANG_ENABLE_OBJC_WEAK = YES;
				CLANG_WARN_BLOCK_CAPTURE_AUTORELEASING = YES;
				CLANG_WARN_BOOL_CONVERSION = YES;
				CLANG_WARN_COMMA = YES;
				CLANG_WARN_CONSTANT_CONVERSION = YES;
				CLANG_WARN_DEPRECATED_OBJC_IMPLEMENTATIONS = YES;
				CLANG_WARN_DIRECT_OBJC_ISA_USAGE = YES_ERROR;
				CLANG_WARN_DOCUMENTATION_COMMENTS = YES;
				CLANG_WARN_EMPTY_BODY = YES;
				CLANG_WARN_ENUM_CONVERSION = YES;
				CLANG_WARN_INFINITE_RECURSION = YES;
				CLANG_WARN_INT_CONVERSION = YES;
				CLANG_WARN_NON_LITERAL_NULL_CONVERSION = YES;
				CLANG_WARN_OBJC_IMPLICIT_RETAIN_SELF = YES;
				CLANG_WARN_OBJC_LITERAL_CONVERSION = YES;
				CLANG_WARN_OBJC_ROOT_CLASS = YES_ERROR;
				CLANG_WARN_QUOTED_INCLUDE_IN_FRAMEWORK_HEADER = YES;
				CLANG_WARN_RANGE_LOOP_ANALYSIS = YES;
				CLANG_WARN_STRICT_PROTOTYPES = YES;
				CLANG_WARN_SUSPICIOUS_MOVE = YES;
				CLANG_WARN_UNGUARDED_AVAILABILITY = YES_AGGRESSIVE;
				CLANG_WARN_UNREACHABLE_CODE = YES;
				CLANG_WARN__DUPLICATE_METHOD_MATCH = YES;
				COPY_PHASE_STRIP = NO;
				DEBUG_INFORMATION_FORMAT = dwarf;
				ENABLE_STRICT_OBJC_MSGSEND = YES;
				ENABLE_TESTABILITY = YES;
				ENABLE_USER_SCRIPT_SANDBOXING = YES;
				GCC_C_LANGUAGE_STANDARD = gnu17;
				GCC_DYNAMIC_NO_PIC = NO;
				GCC_NO_COMMON_BLOCKS = YES;
				GCC_OPTIMIZATION_LEVEL = 0;
				GCC_PREPROCESSOR_DEFINITIONS = (
					"DEBUG=1",
					"$(inherited)",
				);
				GCC_WARN_64_TO_32_BIT_CONVERSION = YES;
				GCC_WARN_ABOUT_RETURN_TYPE = YES_ERROR;
				GCC_WARN_UNDECLARED_SELECTOR = YES;
				GCC_WARN_UNINITIALIZED_AUTOS = YES_AGGRESSIVE;
				GCC_WARN_UNUSED_FUNCTION = YES;
				GCC_WARN_UNUSED_VARIABLE = YES;
				LOCALIZATION_PREFERS_STRING_CATALOGS = YES;
				MTL_ENABLE_DEBUG_INFO = INCLUDE_SOURCE;
				MTL_FAST_MATH = YES;
				ONLY_ACTIVE_ARCH = YES;
				SWIFT_ACTIVE_COMPILATION_CONDITIONS = "DEBUG $(inherited)";
				SWIFT_OPTIMIZATION_LEVEL = "-Onone";
			};
			name = Debug;
		};
		ACFCB6432A4B483F002E780A /* Release */ = {
			isa = XCBuildConfiguration;
			buildSettings = {
				ALWAYS_SEARCH_USER_PATHS = NO;
				ASSETCATALOG_COMPILER_GENERATE_SWIFT_ASSET_SYMBOL_EXTENSIONS = YES;
				CLANG_ANALYZER_NONNULL = YES;
				CLANG_ANALYZER_NUMBER_OBJECT_CONVERSION = YES_AGGRESSIVE;
				CLANG_CXX_LANGUAGE_STANDARD = "gnu++20";
				CLANG_ENABLE_MODULES = YES;
				CLANG_ENABLE_OBJC_ARC = YES;
				CLANG_ENABLE_OBJC_WEAK = YES;
				CLANG_WARN_BLOCK_CAPTURE_AUTORELEASING = YES;
				CLANG_WARN_BOOL_CONVERSION = YES;
				CLANG_WARN_COMMA = YES;
				CLANG_WARN_CONSTANT_CONVERSION = YES;
				CLANG_WARN_DEPRECATED_OBJC_IMPLEMENTATIONS = YES;
				CLANG_WARN_DIRECT_OBJC_ISA_USAGE = YES_ERROR;
				CLANG_WARN_DOCUMENTATION_COMMENTS = YES;
				CLANG_WARN_EMPTY_BODY = YES;
				CLANG_WARN_ENUM_CONVERSION = YES;
				CLANG_WARN_INFINITE_RECURSION = YES;
				CLANG_WARN_INT_CONVERSION = YES;
				CLANG_WARN_NON_LITERAL_NULL_CONVERSION = YES;
				CLANG_WARN_OBJC_IMPLICIT_RETAIN_SELF = YES;
				CLANG_WARN_OBJC_LITERAL_CONVERSION = YES;
				CLANG_WARN_OBJC_ROOT_CLASS = YES_ERROR;
				CLANG_WARN_QUOTED_INCLUDE_IN_FRAMEWORK_HEADER = YES;
				CLANG_WARN_RANGE_LOOP_ANALYSIS = YES;
				CLANG_WARN_STRICT_PROTOTYPES = YES;
				CLANG_WARN_SUSPICIOUS_MOVE = YES;
				CLANG_WARN_UNGUARDED_AVAILABILITY = YES_AGGRESSIVE;
				CLANG_WARN_UNREACHABLE_CODE = YES;
				CLANG_WARN__DUPLICATE_METHOD_MATCH = YES;
				COPY_PHASE_STRIP = NO;
				DEBUG_INFORMATION_FORMAT = "dwarf-with-dsym";
				ENABLE_NS_ASSERTIONS = NO;
				ENABLE_STRICT_OBJC_MSGSEND = YES;
				ENABLE_USER_SCRIPT_SANDBOXING = YES;
				GCC_C_LANGUAGE_STANDARD = gnu17;
				GCC_NO_COMMON_BLOCKS = YES;
				GCC_WARN_64_TO_32_BIT_CONVERSION = YES;
				GCC_WARN_ABOUT_RETURN_TYPE = YES_ERROR;
				GCC_WARN_UNDECLARED_SELECTOR = YES;
				GCC_WARN_UNINITIALIZED_AUTOS = YES_AGGRESSIVE;
				GCC_WARN_UNUSED_FUNCTION = YES;
				GCC_WARN_UNUSED_VARIABLE = YES;
				LOCALIZATION_PREFERS_STRING_CATALOGS = YES;
				MTL_ENABLE_DEBUG_INFO = NO;
				MTL_FAST_MATH = YES;
				SWIFT_COMPILATION_MODE = wholemodule;
			};
			name = Release;
		};
		ACFCB6452A4B483F002E780A /* Debug */ = {
			isa = XCBuildConfiguration;
			buildSettings = {
				ASSETCATALOG_COMPILER_APPICON_NAME = AppIcon;
				ASSETCATALOG_COMPILER_GLOBAL_ACCENT_COLOR_NAME = AccentColor;
				CODE_SIGN_ENTITLEMENTS = SyncConnectionStateErrorReset/SyncConnectionStateErrorReset.entitlements;
				CODE_SIGN_STYLE = Automatic;
				CURRENT_PROJECT_VERSION = 1;
				DEVELOPMENT_ASSET_PATHS = "\"SyncConnectionStateErrorReset/Preview Content\"";
				ENABLE_PREVIEWS = YES;
				GENERATE_INFOPLIST_FILE = YES;
				"INFOPLIST_KEY_UIApplicationSceneManifest_Generation[sdk=iphoneos*]" = YES;
				"INFOPLIST_KEY_UIApplicationSceneManifest_Generation[sdk=iphonesimulator*]" = YES;
				"INFOPLIST_KEY_UIApplicationSupportsIndirectInputEvents[sdk=iphoneos*]" = YES;
				"INFOPLIST_KEY_UIApplicationSupportsIndirectInputEvents[sdk=iphonesimulator*]" = YES;
				"INFOPLIST_KEY_UILaunchScreen_Generation[sdk=iphoneos*]" = YES;
				"INFOPLIST_KEY_UILaunchScreen_Generation[sdk=iphonesimulator*]" = YES;
				"INFOPLIST_KEY_UIStatusBarStyle[sdk=iphoneos*]" = UIStatusBarStyleDefault;
				"INFOPLIST_KEY_UIStatusBarStyle[sdk=iphonesimulator*]" = UIStatusBarStyleDefault;
				INFOPLIST_KEY_UISupportedInterfaceOrientations_iPad = "UIInterfaceOrientationPortrait UIInterfaceOrientationPortraitUpsideDown UIInterfaceOrientationLandscapeLeft UIInterfaceOrientationLandscapeRight";
				INFOPLIST_KEY_UISupportedInterfaceOrientations_iPhone = "UIInterfaceOrientationPortrait UIInterfaceOrientationLandscapeLeft UIInterfaceOrientationLandscapeRight";
				IPHONEOS_DEPLOYMENT_TARGET = 16.0;
				LD_RUNPATH_SEARCH_PATHS = "@executable_path/Frameworks";
				"LD_RUNPATH_SEARCH_PATHS[sdk=macosx*]" = "@executable_path/../Frameworks";
				MACOSX_DEPLOYMENT_TARGET = 13.0;
				MARKETING_VERSION = 1.0;
				PRODUCT_BUNDLE_IDENTIFIER = io.realm.curatedExamples.syncConnectionStateErrorReset.SyncConnectionStateErrorReset;
				PRODUCT_NAME = "$(TARGET_NAME)";
				SDKROOT = auto;
				SUPPORTED_PLATFORMS = "iphoneos iphonesimulator";
				SUPPORTS_MACCATALYST = NO;
				SUPPORTS_MAC_DESIGNED_FOR_IPHONE_IPAD = NO;
				SWIFT_EMIT_LOC_STRINGS = YES;
				SWIFT_VERSION = 5.0;
				TARGETED_DEVICE_FAMILY = "1,2";
			};
			name = Debug;
		};
		ACFCB6462A4B483F002E780A /* Release */ = {
			isa = XCBuildConfiguration;
			buildSettings = {
				ASSETCATALOG_COMPILER_APPICON_NAME = AppIcon;
				ASSETCATALOG_COMPILER_GLOBAL_ACCENT_COLOR_NAME = AccentColor;
				CODE_SIGN_ENTITLEMENTS = SyncConnectionStateErrorReset/SyncConnectionStateErrorReset.entitlements;
				CODE_SIGN_STYLE = Automatic;
				CURRENT_PROJECT_VERSION = 1;
				DEVELOPMENT_ASSET_PATHS = "\"SyncConnectionStateErrorReset/Preview Content\"";
				ENABLE_PREVIEWS = YES;
				GENERATE_INFOPLIST_FILE = YES;
				"INFOPLIST_KEY_UIApplicationSceneManifest_Generation[sdk=iphoneos*]" = YES;
				"INFOPLIST_KEY_UIApplicationSceneManifest_Generation[sdk=iphonesimulator*]" = YES;
				"INFOPLIST_KEY_UIApplicationSupportsIndirectInputEvents[sdk=iphoneos*]" = YES;
				"INFOPLIST_KEY_UIApplicationSupportsIndirectInputEvents[sdk=iphonesimulator*]" = YES;
				"INFOPLIST_KEY_UILaunchScreen_Generation[sdk=iphoneos*]" = YES;
				"INFOPLIST_KEY_UILaunchScreen_Generation[sdk=iphonesimulator*]" = YES;
				"INFOPLIST_KEY_UIStatusBarStyle[sdk=iphoneos*]" = UIStatusBarStyleDefault;
				"INFOPLIST_KEY_UIStatusBarStyle[sdk=iphonesimulator*]" = UIStatusBarStyleDefault;
				INFOPLIST_KEY_UISupportedInterfaceOrientations_iPad = "UIInterfaceOrientationPortrait UIInterfaceOrientationPortraitUpsideDown UIInterfaceOrientationLandscapeLeft UIInterfaceOrientationLandscapeRight";
				INFOPLIST_KEY_UISupportedInterfaceOrientations_iPhone = "UIInterfaceOrientationPortrait UIInterfaceOrientationLandscapeLeft UIInterfaceOrientationLandscapeRight";
				IPHONEOS_DEPLOYMENT_TARGET = 16.0;
				LD_RUNPATH_SEARCH_PATHS = "@executable_path/Frameworks";
				"LD_RUNPATH_SEARCH_PATHS[sdk=macosx*]" = "@executable_path/../Frameworks";
				MACOSX_DEPLOYMENT_TARGET = 13.0;
				MARKETING_VERSION = 1.0;
				PRODUCT_BUNDLE_IDENTIFIER = io.realm.curatedExamples.syncConnectionStateErrorReset.SyncConnectionStateErrorReset;
				PRODUCT_NAME = "$(TARGET_NAME)";
				SDKROOT = auto;
				SUPPORTED_PLATFORMS = "iphoneos iphonesimulator";
				SUPPORTS_MACCATALYST = NO;
				SUPPORTS_MAC_DESIGNED_FOR_IPHONE_IPAD = NO;
				SWIFT_EMIT_LOC_STRINGS = YES;
				SWIFT_VERSION = 5.0;
				TARGETED_DEVICE_FAMILY = "1,2";
			};
			name = Release;
		};
/* End XCBuildConfiguration section */

/* Begin XCConfigurationList section */
		ACFCB6302A4B483E002E780A /* Build configuration list for PBXProject "SyncConnectionStateErrorReset" */ = {
			isa = XCConfigurationList;
			buildConfigurations = (
				ACFCB6422A4B483F002E780A /* Debug */,
				ACFCB6432A4B483F002E780A /* Release */,
			);
			defaultConfigurationIsVisible = 0;
			defaultConfigurationName = Release;
		};
		ACFCB6442A4B483F002E780A /* Build configuration list for PBXNativeTarget "SyncConnectionStateErrorReset" */ = {
			isa = XCConfigurationList;
			buildConfigurations = (
				ACFCB6452A4B483F002E780A /* Debug */,
				ACFCB6462A4B483F002E780A /* Release */,
			);
			defaultConfigurationIsVisible = 0;
			defaultConfigurationName = Release;
		};
/* End XCConfigurationList section */

/* Begin XCRemoteSwiftPackageReference section */
		ACFCB6472A4B48E7002E780A /* XCRemoteSwiftPackageReference "realm-swift" */ = {
			isa = XCRemoteSwiftPackageReference;
			repositoryURL = "https://github.com/realm/realm-swift";
			requirement = {
				kind = exactVersion;
				version = 10.41.0;
			};
		};
/* End XCRemoteSwiftPackageReference section */

/* Begin XCSwiftPackageProductDependency section */
		ACFCB6482A4B48E7002E780A /* Realm */ = {
			isa = XCSwiftPackageProductDependency;
			package = ACFCB6472A4B48E7002E780A /* XCRemoteSwiftPackageReference "realm-swift" */;
			productName = Realm;
		};
		ACFCB64A2A4B48E7002E780A /* RealmSwift */ = {
			isa = XCSwiftPackageProductDependency;
			package = ACFCB6472A4B48E7002E780A /* XCRemoteSwiftPackageReference "realm-swift" */;
			productName = RealmSwift;
		};
/* End XCSwiftPackageProductDependency section */
	};
	rootObject = ACFCB62D2A4B483E002E780A /* Project object */;
}
