// !$*UTF8*$!
{
	archiveVersion = 1;
	classes = {
	};
	objectVersion = 56;
	objects = {

/* Begin PBXBuildFile section */
		AC17379D2A6FCEB6001C0DA3 /* AnalyticsEvent.swift in Sources */ = {isa = PBXBuildFile; fileRef = AC17379C2A6FCEB6001C0DA3 /* AnalyticsEvent.swift */; };
		AC17379F2A6FCEF8001C0DA3 /* TelemetricData.swift in Sources */ = {isa = PBXBuildFile; fileRef = AC17379E2A6FCEF8001C0DA3 /* TelemetricData.swift */; };
		AC8419C52A54280F0073EF23 /* Realm in Frameworks */ = {isa = PBXBuildFile; productRef = AC8419C42A54280F0073EF23 /* Realm */; };
		AC8419C72A54280F0073EF23 /* RealmSwift in Frameworks */ = {isa = PBXBuildFile; productRef = AC8419C62A54280F0073EF23 /* RealmSwift */; };
		ACB013612A5470AE00CB32FB /* AnalyticsTelemetricsDataApp.swift in Sources */ = {isa = PBXBuildFile; fileRef = ACB013572A5470AE00CB32FB /* AnalyticsTelemetricsDataApp.swift */; };
		ACB013622A5470AE00CB32FB /* TelemetricManager.swift in Sources */ = {isa = PBXBuildFile; fileRef = ACB013592A5470AE00CB32FB /* TelemetricManager.swift */; };
		ACB013632A5470AE00CB32FB /* AnalyticsManager.swift in Sources */ = {isa = PBXBuildFile; fileRef = ACB0135A2A5470AE00CB32FB /* AnalyticsManager.swift */; };
		ACB013642A5470AE00CB32FB /* Assets.xcassets in Resources */ = {isa = PBXBuildFile; fileRef = ACB0135B2A5470AE00CB32FB /* Assets.xcassets */; };
		ACB013652A5470AE00CB32FB /* Preview Assets.xcassets in Resources */ = {isa = PBXBuildFile; fileRef = ACB0135D2A5470AE00CB32FB /* Preview Assets.xcassets */; };
		ACB013662A5470AE00CB32FB /* AnalyticsView.swift in Sources */ = {isa = PBXBuildFile; fileRef = ACB0135F2A5470AE00CB32FB /* AnalyticsView.swift */; };
		ACB013672A5470AE00CB32FB /* TelemetricView.swift in Sources */ = {isa = PBXBuildFile; fileRef = ACB013602A5470AE00CB32FB /* TelemetricView.swift */; };
/* End PBXBuildFile section */

/* Begin PBXFileReference section */
		AC17379C2A6FCEB6001C0DA3 /* AnalyticsEvent.swift */ = {isa = PBXFileReference; lastKnownFileType = sourcecode.swift; path = AnalyticsEvent.swift; sourceTree = "<group>"; };
		AC17379E2A6FCEF8001C0DA3 /* TelemetricData.swift */ = {isa = PBXFileReference; lastKnownFileType = sourcecode.swift; path = TelemetricData.swift; sourceTree = "<group>"; };
		AC8419C12A5427620073EF23 /* README.md */ = {isa = PBXFileReference; fileEncoding = 4; lastKnownFileType = net.daringfireball.markdown; path = README.md; sourceTree = "<group>"; };
		ACB013562A5470AE00CB32FB /* AnalyticsTelemetricsData.entitlements */ = {isa = PBXFileReference; fileEncoding = 4; lastKnownFileType = text.plist.entitlements; path = AnalyticsTelemetricsData.entitlements; sourceTree = "<group>"; };
		ACB013572A5470AE00CB32FB /* AnalyticsTelemetricsDataApp.swift */ = {isa = PBXFileReference; fileEncoding = 4; lastKnownFileType = sourcecode.swift; path = AnalyticsTelemetricsDataApp.swift; sourceTree = "<group>"; };
		ACB013592A5470AE00CB32FB /* TelemetricManager.swift */ = {isa = PBXFileReference; fileEncoding = 4; lastKnownFileType = sourcecode.swift; path = TelemetricManager.swift; sourceTree = "<group>"; };
		ACB0135A2A5470AE00CB32FB /* AnalyticsManager.swift */ = {isa = PBXFileReference; fileEncoding = 4; lastKnownFileType = sourcecode.swift; path = AnalyticsManager.swift; sourceTree = "<group>"; };
		ACB0135B2A5470AE00CB32FB /* Assets.xcassets */ = {isa = PBXFileReference; lastKnownFileType = folder.assetcatalog; path = Assets.xcassets; sourceTree = "<group>"; };
		ACB0135D2A5470AE00CB32FB /* Preview Assets.xcassets */ = {isa = PBXFileReference; lastKnownFileType = folder.assetcatalog; path = "Preview Assets.xcassets"; sourceTree = "<group>"; };
		ACB0135F2A5470AE00CB32FB /* AnalyticsView.swift */ = {isa = PBXFileReference; fileEncoding = 4; lastKnownFileType = sourcecode.swift; path = AnalyticsView.swift; sourceTree = "<group>"; };
		ACB013602A5470AE00CB32FB /* TelemetricView.swift */ = {isa = PBXFileReference; fileEncoding = 4; lastKnownFileType = sourcecode.swift; path = TelemetricView.swift; sourceTree = "<group>"; };
		ACBA29CE2A706040006D937F /* RealmAtlasDeviceSyncTelemetric.png */ = {isa = PBXFileReference; lastKnownFileType = image.png; path = RealmAtlasDeviceSyncTelemetric.png; sourceTree = "<group>"; };
		ACBA29CF2A706040006D937F /* RealmAtlasDeviceSyncAnalytics.charts */ = {isa = PBXFileReference; fileEncoding = 4; lastKnownFileType = text; path = RealmAtlasDeviceSyncAnalytics.charts; sourceTree = "<group>"; };
		ACBA29D02A706040006D937F /* RealmAtlasDeviceSyncAnalytics.png */ = {isa = PBXFileReference; lastKnownFileType = image.png; path = RealmAtlasDeviceSyncAnalytics.png; sourceTree = "<group>"; };
		ACBA29D12A706040006D937F /* RealmAtlasDeviceSyncTelemetric.charts */ = {isa = PBXFileReference; fileEncoding = 4; lastKnownFileType = text; path = RealmAtlasDeviceSyncTelemetric.charts; sourceTree = "<group>"; };
		ACF754082A52C21300A3E8B2 /* AnalyticsTelemetricsData.app */ = {isa = PBXFileReference; explicitFileType = wrapper.application; includeInIndex = 0; path = AnalyticsTelemetricsData.app; sourceTree = BUILT_PRODUCTS_DIR; };
/* End PBXFileReference section */

/* Begin PBXFrameworksBuildPhase section */
		ACF754052A52C21300A3E8B2 /* Frameworks */ = {
			isa = PBXFrameworksBuildPhase;
			buildActionMask = 2147483647;
			files = (
				AC8419C72A54280F0073EF23 /* RealmSwift in Frameworks */,
				AC8419C52A54280F0073EF23 /* Realm in Frameworks */,
			);
			runOnlyForDeploymentPostprocessing = 0;
		};
/* End PBXFrameworksBuildPhase section */

/* Begin PBXGroup section */
		AC17379B2A6FCEA5001C0DA3 /* Models */ = {
			isa = PBXGroup;
			children = (
				AC17379C2A6FCEB6001C0DA3 /* AnalyticsEvent.swift */,
				AC17379E2A6FCEF8001C0DA3 /* TelemetricData.swift */,
			);
			path = Models;
			sourceTree = "<group>";
		};
		ACB013552A5470AE00CB32FB /* AnalyticsTelemetricsData */ = {
			isa = PBXGroup;
			children = (
				AC17379B2A6FCEA5001C0DA3 /* Models */,
				ACB013582A5470AE00CB32FB /* Managers */,
				ACB0135E2A5470AE00CB32FB /* Views */,
				ACB013572A5470AE00CB32FB /* AnalyticsTelemetricsDataApp.swift */,
				ACB013562A5470AE00CB32FB /* AnalyticsTelemetricsData.entitlements */,
				ACB0135B2A5470AE00CB32FB /* Assets.xcassets */,
				ACB0135C2A5470AE00CB32FB /* Preview Content */,
			);
			path = AnalyticsTelemetricsData;
			sourceTree = "<group>";
		};
		ACB013582A5470AE00CB32FB /* Managers */ = {
			isa = PBXGroup;
			children = (
				ACB0135A2A5470AE00CB32FB /* AnalyticsManager.swift */,
				ACB013592A5470AE00CB32FB /* TelemetricManager.swift */,
			);
			path = Managers;
			sourceTree = "<group>";
		};
		ACB0135C2A5470AE00CB32FB /* Preview Content */ = {
			isa = PBXGroup;
			children = (
				ACB0135D2A5470AE00CB32FB /* Preview Assets.xcassets */,
			);
			path = "Preview Content";
			sourceTree = "<group>";
		};
		ACB0135E2A5470AE00CB32FB /* Views */ = {
			isa = PBXGroup;
			children = (
				ACB0135F2A5470AE00CB32FB /* AnalyticsView.swift */,
				ACB013602A5470AE00CB32FB /* TelemetricView.swift */,
			);
			path = Views;
			sourceTree = "<group>";
		};
		ACBA29CD2A706040006D937F /* Charts */ = {
			isa = PBXGroup;
			children = (
				ACBA29D02A706040006D937F /* RealmAtlasDeviceSyncAnalytics.png */,
				ACBA29CF2A706040006D937F /* RealmAtlasDeviceSyncAnalytics.charts */,
				ACBA29CE2A706040006D937F /* RealmAtlasDeviceSyncTelemetric.png */,
				ACBA29D12A706040006D937F /* RealmAtlasDeviceSyncTelemetric.charts */,
			);
			path = Charts;
			sourceTree = "<group>";
		};
		ACF753FF2A52C21300A3E8B2 = {
			isa = PBXGroup;
			children = (
				AC8419C12A5427620073EF23 /* README.md */,
				ACB013552A5470AE00CB32FB /* AnalyticsTelemetricsData */,
				ACBA29CD2A706040006D937F /* Charts */,
				ACF754092A52C21300A3E8B2 /* Products */,
			);
			sourceTree = "<group>";
		};
		ACF754092A52C21300A3E8B2 /* Products */ = {
			isa = PBXGroup;
			children = (
				ACF754082A52C21300A3E8B2 /* AnalyticsTelemetricsData.app */,
			);
			name = Products;
			sourceTree = "<group>";
		};
/* End PBXGroup section */

/* Begin PBXNativeTarget section */
		ACF754072A52C21300A3E8B2 /* AnalyticsTelemetricsData */ = {
			isa = PBXNativeTarget;
			buildConfigurationList = ACF754172A52C21400A3E8B2 /* Build configuration list for PBXNativeTarget "AnalyticsTelemetricsData" */;
			buildPhases = (
				ACF754042A52C21300A3E8B2 /* Sources */,
				ACF754052A52C21300A3E8B2 /* Frameworks */,
				ACF754062A52C21300A3E8B2 /* Resources */,
			);
			buildRules = (
			);
			dependencies = (
			);
			name = AnalyticsTelemetricsData;
			packageProductDependencies = (
				AC8419C42A54280F0073EF23 /* Realm */,
				AC8419C62A54280F0073EF23 /* RealmSwift */,
			);
			productName = AnalyticsTelemetricsData;
			productReference = ACF754082A52C21300A3E8B2 /* AnalyticsTelemetricsData.app */;
			productType = "com.apple.product-type.application";
		};
/* End PBXNativeTarget section */

/* Begin PBXProject section */
		ACF754002A52C21300A3E8B2 /* Project object */ = {
			isa = PBXProject;
			attributes = {
				BuildIndependentTargetsInParallel = 1;
				LastSwiftUpdateCheck = 1430;
				LastUpgradeCheck = 1500;
				TargetAttributes = {
					ACF754072A52C21300A3E8B2 = {
						CreatedOnToolsVersion = 15.0;
					};
				};
			};
			buildConfigurationList = ACF754032A52C21300A3E8B2 /* Build configuration list for PBXProject "AnalyticsTelemetricsData" */;
			compatibilityVersion = "Xcode 14.0";
			developmentRegion = en;
			hasScannedForEncodings = 0;
			knownRegions = (
				en,
				Base,
			);
			mainGroup = ACF753FF2A52C21300A3E8B2;
			packageReferences = (
				AC8419C32A54280E0073EF23 /* XCRemoteSwiftPackageReference "realm-swift" */,
			);
			productRefGroup = ACF754092A52C21300A3E8B2 /* Products */;
			projectDirPath = "";
			projectRoot = "";
			targets = (
				ACF754072A52C21300A3E8B2 /* AnalyticsTelemetricsData */,
			);
		};
/* End PBXProject section */

/* Begin PBXResourcesBuildPhase section */
		ACF754062A52C21300A3E8B2 /* Resources */ = {
			isa = PBXResourcesBuildPhase;
			buildActionMask = 2147483647;
			files = (
				ACB013642A5470AE00CB32FB /* Assets.xcassets in Resources */,
				ACB013652A5470AE00CB32FB /* Preview Assets.xcassets in Resources */,
			);
			runOnlyForDeploymentPostprocessing = 0;
		};
/* End PBXResourcesBuildPhase section */

/* Begin PBXSourcesBuildPhase section */
		ACF754042A52C21300A3E8B2 /* Sources */ = {
			isa = PBXSourcesBuildPhase;
			buildActionMask = 2147483647;
			files = (
				ACB013632A5470AE00CB32FB /* AnalyticsManager.swift in Sources */,
				ACB013662A5470AE00CB32FB /* AnalyticsView.swift in Sources */,
				ACB013612A5470AE00CB32FB /* AnalyticsTelemetricsDataApp.swift in Sources */,
				AC17379D2A6FCEB6001C0DA3 /* AnalyticsEvent.swift in Sources */,
				AC17379F2A6FCEF8001C0DA3 /* TelemetricData.swift in Sources */,
				ACB013672A5470AE00CB32FB /* TelemetricView.swift in Sources */,
				ACB013622A5470AE00CB32FB /* TelemetricManager.swift in Sources */,
			);
			runOnlyForDeploymentPostprocessing = 0;
		};
/* End PBXSourcesBuildPhase section */

/* Begin XCBuildConfiguration section */
		ACF754152A52C21400A3E8B2 /* Debug */ = {
			isa = XCBuildConfiguration;
			buildSettings = {
				ALWAYS_SEARCH_USER_PATHS = NO;
				ASSETCATALOG_COMPILER_GENERATE_SWIFT_ASSET_SYMBOL_EXTENSIONS = YES;
				CLANG_ANALYZER_NONNULL = YES;
				CLANG_ANALYZER_NUMBER_OBJECT_CONVERSION = YES_AGGRESSIVE;
				CLANG_CXX_LANGUAGE_STANDARD = "gnu++20";
				CLANG_ENABLE_MODULES = YES;
				CLANG_ENABLE_OBJC_ARC = YES;
				CLANG_ENABLE_OBJC_WEAK = YES;
				CLANG_WARN_BLOCK_CAPTURE_AUTORELEASING = YES;
				CLANG_WARN_BOOL_CONVERSION = YES;
				CLANG_WARN_COMMA = YES;
				CLANG_WARN_CONSTANT_CONVERSION = YES;
				CLANG_WARN_DEPRECATED_OBJC_IMPLEMENTATIONS = YES;
				CLANG_WARN_DIRECT_OBJC_ISA_USAGE = YES_ERROR;
				CLANG_WARN_DOCUMENTATION_COMMENTS = YES;
				CLANG_WARN_EMPTY_BODY = YES;
				CLANG_WARN_ENUM_CONVERSION = YES;
				CLANG_WARN_INFINITE_RECURSION = YES;
				CLANG_WARN_INT_CONVERSION = YES;
				CLANG_WARN_NON_LITERAL_NULL_CONVERSION = YES;
				CLANG_WARN_OBJC_IMPLICIT_RETAIN_SELF = YES;
				CLANG_WARN_OBJC_LITERAL_CONVERSION = YES;
				CLANG_WARN_OBJC_ROOT_CLASS = YES_ERROR;
				CLANG_WARN_QUOTED_INCLUDE_IN_FRAMEWORK_HEADER = YES;
				CLANG_WARN_RANGE_LOOP_ANALYSIS = YES;
				CLANG_WARN_STRICT_PROTOTYPES = YES;
				CLANG_WARN_SUSPICIOUS_MOVE = YES;
				CLANG_WARN_UNGUARDED_AVAILABILITY = YES_AGGRESSIVE;
				CLANG_WARN_UNREACHABLE_CODE = YES;
				CLANG_WARN__DUPLICATE_METHOD_MATCH = YES;
				COPY_PHASE_STRIP = NO;
				DEBUG_INFORMATION_FORMAT = dwarf;
				ENABLE_STRICT_OBJC_MSGSEND = YES;
				ENABLE_TESTABILITY = YES;
				ENABLE_USER_SCRIPT_SANDBOXING = YES;
				GCC_C_LANGUAGE_STANDARD = gnu17;
				GCC_DYNAMIC_NO_PIC = NO;
				GCC_NO_COMMON_BLOCKS = YES;
				GCC_OPTIMIZATION_LEVEL = 0;
				GCC_PREPROCESSOR_DEFINITIONS = (
					"DEBUG=1",
					"$(inherited)",
				);
				GCC_WARN_64_TO_32_BIT_CONVERSION = YES;
				GCC_WARN_ABOUT_RETURN_TYPE = YES_ERROR;
				GCC_WARN_UNDECLARED_SELECTOR = YES;
				GCC_WARN_UNINITIALIZED_AUTOS = YES_AGGRESSIVE;
				GCC_WARN_UNUSED_FUNCTION = YES;
				GCC_WARN_UNUSED_VARIABLE = YES;
				LOCALIZATION_PREFERS_STRING_CATALOGS = YES;
				MTL_ENABLE_DEBUG_INFO = INCLUDE_SOURCE;
				MTL_FAST_MATH = YES;
				ONLY_ACTIVE_ARCH = YES;
				SWIFT_ACTIVE_COMPILATION_CONDITIONS = "DEBUG $(inherited)";
				SWIFT_OPTIMIZATION_LEVEL = "-Onone";
			};
			name = Debug;
		};
		ACF754162A52C21400A3E8B2 /* Release */ = {
			isa = XCBuildConfiguration;
			buildSettings = {
				ALWAYS_SEARCH_USER_PATHS = NO;
				ASSETCATALOG_COMPILER_GENERATE_SWIFT_ASSET_SYMBOL_EXTENSIONS = YES;
				CLANG_ANALYZER_NONNULL = YES;
				CLANG_ANALYZER_NUMBER_OBJECT_CONVERSION = YES_AGGRESSIVE;
				CLANG_CXX_LANGUAGE_STANDARD = "gnu++20";
				CLANG_ENABLE_MODULES = YES;
				CLANG_ENABLE_OBJC_ARC = YES;
				CLANG_ENABLE_OBJC_WEAK = YES;
				CLANG_WARN_BLOCK_CAPTURE_AUTORELEASING = YES;
				CLANG_WARN_BOOL_CONVERSION = YES;
				CLANG_WARN_COMMA = YES;
				CLANG_WARN_CONSTANT_CONVERSION = YES;
				CLANG_WARN_DEPRECATED_OBJC_IMPLEMENTATIONS = YES;
				CLANG_WARN_DIRECT_OBJC_ISA_USAGE = YES_ERROR;
				CLANG_WARN_DOCUMENTATION_COMMENTS = YES;
				CLANG_WARN_EMPTY_BODY = YES;
				CLANG_WARN_ENUM_CONVERSION = YES;
				CLANG_WARN_INFINITE_RECURSION = YES;
				CLANG_WARN_INT_CONVERSION = YES;
				CLANG_WARN_NON_LITERAL_NULL_CONVERSION = YES;
				CLANG_WARN_OBJC_IMPLICIT_RETAIN_SELF = YES;
				CLANG_WARN_OBJC_LITERAL_CONVERSION = YES;
				CLANG_WARN_OBJC_ROOT_CLASS = YES_ERROR;
				CLANG_WARN_QUOTED_INCLUDE_IN_FRAMEWORK_HEADER = YES;
				CLANG_WARN_RANGE_LOOP_ANALYSIS = YES;
				CLANG_WARN_STRICT_PROTOTYPES = YES;
				CLANG_WARN_SUSPICIOUS_MOVE = YES;
				CLANG_WARN_UNGUARDED_AVAILABILITY = YES_AGGRESSIVE;
				CLANG_WARN_UNREACHABLE_CODE = YES;
				CLANG_WARN__DUPLICATE_METHOD_MATCH = YES;
				COPY_PHASE_STRIP = NO;
				DEBUG_INFORMATION_FORMAT = "dwarf-with-dsym";
				ENABLE_NS_ASSERTIONS = NO;
				ENABLE_STRICT_OBJC_MSGSEND = YES;
				ENABLE_USER_SCRIPT_SANDBOXING = YES;
				GCC_C_LANGUAGE_STANDARD = gnu17;
				GCC_NO_COMMON_BLOCKS = YES;
				GCC_WARN_64_TO_32_BIT_CONVERSION = YES;
				GCC_WARN_ABOUT_RETURN_TYPE = YES_ERROR;
				GCC_WARN_UNDECLARED_SELECTOR = YES;
				GCC_WARN_UNINITIALIZED_AUTOS = YES_AGGRESSIVE;
				GCC_WARN_UNUSED_FUNCTION = YES;
				GCC_WARN_UNUSED_VARIABLE = YES;
				LOCALIZATION_PREFERS_STRING_CATALOGS = YES;
				MTL_ENABLE_DEBUG_INFO = NO;
				MTL_FAST_MATH = YES;
				SWIFT_COMPILATION_MODE = wholemodule;
			};
			name = Release;
		};
		ACF754182A52C21400A3E8B2 /* Debug */ = {
			isa = XCBuildConfiguration;
			buildSettings = {
				ASSETCATALOG_COMPILER_APPICON_NAME = AppIcon;
				ASSETCATALOG_COMPILER_GLOBAL_ACCENT_COLOR_NAME = AccentColor;
				CODE_SIGN_ENTITLEMENTS = AnalyticsTelemetricsData/AnalyticsTelemetricsData.entitlements;
				CODE_SIGN_STYLE = Automatic;
				CURRENT_PROJECT_VERSION = 1;
				DEVELOPMENT_ASSET_PATHS = "\"AnalyticsTelemetricsData/Preview Content\"";
				ENABLE_PREVIEWS = YES;
				GENERATE_INFOPLIST_FILE = YES;
				INFOPLIST_KEY_NSUserTrackingUsageDescription = "";
				"INFOPLIST_KEY_UIApplicationSceneManifest_Generation[sdk=iphoneos*]" = YES;
				"INFOPLIST_KEY_UIApplicationSceneManifest_Generation[sdk=iphonesimulator*]" = YES;
				"INFOPLIST_KEY_UIApplicationSupportsIndirectInputEvents[sdk=iphoneos*]" = YES;
				"INFOPLIST_KEY_UIApplicationSupportsIndirectInputEvents[sdk=iphonesimulator*]" = YES;
				"INFOPLIST_KEY_UILaunchScreen_Generation[sdk=iphoneos*]" = YES;
				"INFOPLIST_KEY_UILaunchScreen_Generation[sdk=iphonesimulator*]" = YES;
				"INFOPLIST_KEY_UIStatusBarStyle[sdk=iphoneos*]" = UIStatusBarStyleDefault;
				"INFOPLIST_KEY_UIStatusBarStyle[sdk=iphonesimulator*]" = UIStatusBarStyleDefault;
				INFOPLIST_KEY_UISupportedInterfaceOrientations_iPad = "UIInterfaceOrientationPortrait UIInterfaceOrientationPortraitUpsideDown UIInterfaceOrientationLandscapeLeft UIInterfaceOrientationLandscapeRight";
				INFOPLIST_KEY_UISupportedInterfaceOrientations_iPhone = "UIInterfaceOrientationPortrait UIInterfaceOrientationLandscapeLeft UIInterfaceOrientationLandscapeRight";
				IPHONEOS_DEPLOYMENT_TARGET = 16.0;
				LD_RUNPATH_SEARCH_PATHS = "@executable_path/Frameworks";
				"LD_RUNPATH_SEARCH_PATHS[sdk=macosx*]" = "@executable_path/../Frameworks";
				MACOSX_DEPLOYMENT_TARGET = 13.0;
				MARKETING_VERSION = 1.0;
				PRODUCT_BUNDLE_IDENTIFIER = io.realm.curatedExamples.analyticsTelemetricsData.AnalyticsTelemetricsData;
				PRODUCT_NAME = "$(TARGET_NAME)";
				SDKROOT = auto;
				SUPPORTED_PLATFORMS = "iphoneos iphonesimulator";
				SUPPORTS_MACCATALYST = NO;
				SUPPORTS_MAC_DESIGNED_FOR_IPHONE_IPAD = NO;
				SWIFT_EMIT_LOC_STRINGS = YES;
				SWIFT_VERSION = 5.0;
				TARGETED_DEVICE_FAMILY = "1,2";
			};
			name = Debug;
		};
		ACF754192A52C21400A3E8B2 /* Release */ = {
			isa = XCBuildConfiguration;
			buildSettings = {
				ASSETCATALOG_COMPILER_APPICON_NAME = AppIcon;
				ASSETCATALOG_COMPILER_GLOBAL_ACCENT_COLOR_NAME = AccentColor;
				CODE_SIGN_ENTITLEMENTS = AnalyticsTelemetricsData/AnalyticsTelemetricsData.entitlements;
				CODE_SIGN_STYLE = Automatic;
				CURRENT_PROJECT_VERSION = 1;
				DEVELOPMENT_ASSET_PATHS = "\"AnalyticsTelemetricsData/Preview Content\"";
				ENABLE_PREVIEWS = YES;
				GENERATE_INFOPLIST_FILE = YES;
				INFOPLIST_KEY_NSUserTrackingUsageDescription = "";
				"INFOPLIST_KEY_UIApplicationSceneManifest_Generation[sdk=iphoneos*]" = YES;
				"INFOPLIST_KEY_UIApplicationSceneManifest_Generation[sdk=iphonesimulator*]" = YES;
				"INFOPLIST_KEY_UIApplicationSupportsIndirectInputEvents[sdk=iphoneos*]" = YES;
				"INFOPLIST_KEY_UIApplicationSupportsIndirectInputEvents[sdk=iphonesimulator*]" = YES;
				"INFOPLIST_KEY_UILaunchScreen_Generation[sdk=iphoneos*]" = YES;
				"INFOPLIST_KEY_UILaunchScreen_Generation[sdk=iphonesimulator*]" = YES;
				"INFOPLIST_KEY_UIStatusBarStyle[sdk=iphoneos*]" = UIStatusBarStyleDefault;
				"INFOPLIST_KEY_UIStatusBarStyle[sdk=iphonesimulator*]" = UIStatusBarStyleDefault;
				INFOPLIST_KEY_UISupportedInterfaceOrientations_iPad = "UIInterfaceOrientationPortrait UIInterfaceOrientationPortraitUpsideDown UIInterfaceOrientationLandscapeLeft UIInterfaceOrientationLandscapeRight";
				INFOPLIST_KEY_UISupportedInterfaceOrientations_iPhone = "UIInterfaceOrientationPortrait UIInterfaceOrientationLandscapeLeft UIInterfaceOrientationLandscapeRight";
				IPHONEOS_DEPLOYMENT_TARGET = 16.0;
				LD_RUNPATH_SEARCH_PATHS = "@executable_path/Frameworks";
				"LD_RUNPATH_SEARCH_PATHS[sdk=macosx*]" = "@executable_path/../Frameworks";
				MACOSX_DEPLOYMENT_TARGET = 13.0;
				MARKETING_VERSION = 1.0;
				PRODUCT_BUNDLE_IDENTIFIER = io.realm.curatedExamples.analyticsTelemetricsData.AnalyticsTelemetricsData;
				PRODUCT_NAME = "$(TARGET_NAME)";
				SDKROOT = auto;
				SUPPORTED_PLATFORMS = "iphoneos iphonesimulator";
				SUPPORTS_MACCATALYST = NO;
				SUPPORTS_MAC_DESIGNED_FOR_IPHONE_IPAD = NO;
				SWIFT_EMIT_LOC_STRINGS = YES;
				SWIFT_VERSION = 5.0;
				TARGETED_DEVICE_FAMILY = "1,2";
			};
			name = Release;
		};
/* End XCBuildConfiguration section */

/* Begin XCConfigurationList section */
		ACF754032A52C21300A3E8B2 /* Build configuration list for PBXProject "AnalyticsTelemetricsData" */ = {
			isa = XCConfigurationList;
			buildConfigurations = (
				ACF754152A52C21400A3E8B2 /* Debug */,
				ACF754162A52C21400A3E8B2 /* Release */,
			);
			defaultConfigurationIsVisible = 0;
			defaultConfigurationName = Release;
		};
		ACF754172A52C21400A3E8B2 /* Build configuration list for PBXNativeTarget "AnalyticsTelemetricsData" */ = {
			isa = XCConfigurationList;
			buildConfigurations = (
				ACF754182A52C21400A3E8B2 /* Debug */,
				ACF754192A52C21400A3E8B2 /* Release */,
			);
			defaultConfigurationIsVisible = 0;
			defaultConfigurationName = Release;
		};
/* End XCConfigurationList section */

/* Begin XCRemoteSwiftPackageReference section */
		AC8419C32A54280E0073EF23 /* XCRemoteSwiftPackageReference "realm-swift" */ = {
			isa = XCRemoteSwiftPackageReference;
			repositoryURL = "https://github.com/realm/realm-swift";
			requirement = {
				kind = exactVersion;
				version = 10.41.1;
			};
		};
/* End XCRemoteSwiftPackageReference section */

/* Begin XCSwiftPackageProductDependency section */
		AC8419C42A54280F0073EF23 /* Realm */ = {
			isa = XCSwiftPackageProductDependency;
			package = AC8419C32A54280E0073EF23 /* XCRemoteSwiftPackageReference "realm-swift" */;
			productName = Realm;
		};
		AC8419C62A54280F0073EF23 /* RealmSwift */ = {
			isa = XCSwiftPackageProductDependency;
			package = AC8419C32A54280E0073EF23 /* XCRemoteSwiftPackageReference "realm-swift" */;
			productName = RealmSwift;
		};
/* End XCSwiftPackageProductDependency section */
	};
	rootObject = ACF754002A52C21300A3E8B2 /* Project object */;
}
